
Microsoft Visual Studio Solution File, Format Version 12.00
# Visual Studio 15
VisualStudioVersion = 15.0.27428.2027
MinimumVisualStudioVersion = 10.0.40219.1
Project("{FAE04EC0-301F-11D3-BF4B-00C04F79EFBC}") = "CoffeeMaker", "CoffeeMaker\CoffeeMaker.csproj", "{252F2A03-F566-4F10-9028-81194E9B6AC0}"
EndProject
Global
	GlobalSection(SolutionConfigurationPlatforms) = preSolution
		Debug|Any CPU = Debug|Any CPU
		Release|Any CPU = Release|Any CPU
	EndGlobalSection
	GlobalSection(ProjectConfigurationPlatforms) = postSolution
		{252F2A03-F566-4F10-9028-81194E9B6AC0}.Debug|Any CPU.ActiveCfg = Debug|Any CPU
		{252F2A03-F566-4F10-9028-81194E9B6AC0}.Debug|Any CPU.Build.0 = Debug|Any CPU
		{252F2A03-F566-4F10-9028-81194E9B6AC0}.Release|Any CPU.ActiveCfg = Release|Any CPU
		{252F2A03-F566-4F10-9028-81194E9B6AC0}.Release|Any CPU.Build.0 = Release|Any CPU
	EndGlobalSection
	GlobalSection(SolutionProperties) = preSolution
		HideSolutionNode = FALSE
	EndGlobalSection
	GlobalSection(ExtensibilityGlobals) = postSolution
		SolutionGuid = {D604C6BA-1079-4F44-ACAC-42E56ECEE9E7}
	EndGlobalSection
EndGlobal
